
Microsoft Visual Studio Solution File, Format Version 12.00
# Visual Studio Version 17
VisualStudioVersion = 17.3.32825.248
MinimumVisualStudioVersion = 10.0.40219.1
Project("{FAE04EC0-301F-11D3-BF4B-00C04F79EFBC}") = "CShp_Calculos", "CShp_Calculos\CShp_Calculos.csproj", "{87A028F2-E288-4973-ACC4-4A96800ABAC6}"
EndProject
Project("{FAE04EC0-301F-11D3-BF4B-00C04F79EFBC}") = "CShp_CalculosTest", "CShp_CalculosTest\CShp_CalculosTest.csproj", "{616F07E4-60F2-4D76-95CE-D86DEACF4444}"
EndProject
Global
	GlobalSection(SolutionConfigurationPlatforms) = preSolution
		Debug|Any CPU = Debug|Any CPU
		Release|Any CPU = Release|Any CPU
	EndGlobalSection
	GlobalSection(ProjectConfigurationPlatforms) = postSolution
		{87A028F2-E288-4973-ACC4-4A96800ABAC6}.Debug|Any CPU.ActiveCfg = Debug|Any CPU
		{87A028F2-E288-4973-ACC4-4A96800ABAC6}.Debug|Any CPU.Build.0 = Debug|Any CPU
		{87A028F2-E288-4973-ACC4-4A96800ABAC6}.Release|Any CPU.ActiveCfg = Release|Any CPU
		{87A028F2-E288-4973-ACC4-4A96800ABAC6}.Release|Any CPU.Build.0 = Release|Any CPU
		{616F07E4-60F2-4D76-95CE-D86DEACF4444}.Debug|Any CPU.ActiveCfg = Debug|Any CPU
		{616F07E4-60F2-4D76-95CE-D86DEACF4444}.Debug|Any CPU.Build.0 = Debug|Any CPU
		{616F07E4-60F2-4D76-95CE-D86DEACF4444}.Release|Any CPU.ActiveCfg = Release|Any CPU
		{616F07E4-60F2-4D76-95CE-D86DEACF4444}.Release|Any CPU.Build.0 = Release|Any CPU
	EndGlobalSection
	GlobalSection(SolutionProperties) = preSolution
		HideSolutionNode = FALSE
	EndGlobalSection
	GlobalSection(ExtensibilityGlobals) = postSolution
		SolutionGuid = {9ACD5B94-27EB-4A2B-8459-21F62186176D}
	EndGlobalSection
EndGlobal
